
Microsoft Visual Studio Solution File, Format Version 12.00
Project("{FAE04EC0-301F-11D3-BF4B-00C04F79EFBC}") = "WebApiNibu", "WebApiNibu.csproj", "{B13C6ECF-5FB4-4556-B5FA-AF37491BD54B}"
EndProject
Global
	GlobalSection(SolutionConfigurationPlatforms) = preSolution
		Debug|Any CPU = Debug|Any CPU
		Release|Any CPU = Release|Any CPU
	EndGlobalSection
	GlobalSection(ProjectConfigurationPlatforms) = postSolution
		{B13C6ECF-5FB4-4556-B5FA-AF37491BD54B}.Debug|Any CPU.ActiveCfg = Debug|Any CPU
		{B13C6ECF-5FB4-4556-B5FA-AF37491BD54B}.Debug|Any CPU.Build.0 = Debug|Any CPU
		{B13C6ECF-5FB4-4556-B5FA-AF37491BD54B}.Release|Any CPU.ActiveCfg = Release|Any CPU
		{B13C6ECF-5FB4-4556-B5FA-AF37491BD54B}.Release|Any CPU.Build.0 = Release|Any CPU
	EndGlobalSection
EndGlobal
